
Microsoft Visual Studio Solution File, Format Version 12.00
# Visual Studio Version 17
VisualStudioVersion = 17.6.33723.286
MinimumVisualStudioVersion = 10.0.40219.1
Project("{2150E333-8FDC-42A3-9474-1A3956D46DE8}") = "FrontEnd", "FrontEnd", "{E546E7D7-A768-4C24-9FE4-BBCBD1D4F20C}"
EndProject
Project("{2150E333-8FDC-42A3-9474-1A3956D46DE8}") = "Gateway", "Gateway", "{CDAD1D7D-81AA-471C-8B64-FE46F9389FBB}"
EndProject
Project("{2150E333-8FDC-42A3-9474-1A3956D46DE8}") = "Integration", "Integration", "{547A2259-C019-4A33-A415-01B34AA930C1}"
EndProject
Project("{9A19103F-16F7-4668-BE54-9A1E7A4F7556}") = "Microservices.CouponAPI", "Microservies.Coupon.API\Microservices.CouponAPI.csproj", "{B2DFCE2C-21F9-4074-AC31-9D32C25C39FA}"
EndProject
Project("{9A19103F-16F7-4668-BE54-9A1E7A4F7556}") = "Microservices.AuthAPI", "Microservices.AuthAPI\Microservices.AuthAPI.csproj", "{2EA4187E-5467-4B75-9EE7-C481F4CB17FC}"
EndProject
Project("{9A19103F-16F7-4668-BE54-9A1E7A4F7556}") = "Microservices.AuthAPI.Tests", "Microservices.AuthAPITests\Microservices.AuthAPI.Tests.csproj", "{55FCC8BE-9A2C-4C7A-BC8D-085C192BFFC4}"
EndProject
Project("{9A19103F-16F7-4668-BE54-9A1E7A4F7556}") = "Microservices.Web.Client", "Microservices.Web.Client\Microservices.Web.Client.csproj", "{E24EB385-B9C7-48BE-A76A-C062D9CDC05A}"
EndProject
Project("{9A19103F-16F7-4668-BE54-9A1E7A4F7556}") = "Microservices.ProductAPI", "Microservices.ProductAPI\Microservices.ProductAPI.csproj", "{B8CAB9BF-7114-488A-84DF-CF8403E1FD93}"
EndProject
Project("{9A19103F-16F7-4668-BE54-9A1E7A4F7556}") = "Microservices.ShoppingCartAPI", "Microservices.ShoppingCartAPI\Microservices.ShoppingCartAPI.csproj", "{8F253E24-C529-480D-AF41-3C8B3A501AD1}"
EndProject
Project("{9A19103F-16F7-4668-BE54-9A1E7A4F7556}") = "Microservices.Web.Client.Tests", "Microservices.Web.Client.Tests\Microservices.Web.Client.Tests.csproj", "{AFA0ADAA-DE7E-4B95-AACB-41C225B58ECA}"
EndProject
Project("{2150E333-8FDC-42A3-9474-1A3956D46DE8}") = "APIs", "APIs", "{81889C54-F1F7-44B5-BC9F-F2C714ED2B76}"
EndProject
Project("{2150E333-8FDC-42A3-9474-1A3956D46DE8}") = "Tests", "Tests", "{02BDA87C-5B6D-4A26-A577-13CEC5D13F96}"
EndProject
Project("{FAE04EC0-301F-11D3-BF4B-00C04F79EFBC}") = "Microservices.EmailAPI", "Microservices.EmailAPI\Microservices.EmailAPI.csproj", "{275D2978-D532-49A5-B70F-FF98C9CF95DC}"
EndProject
Global
	GlobalSection(SolutionConfigurationPlatforms) = preSolution
		Debug|Any CPU = Debug|Any CPU
		Release|Any CPU = Release|Any CPU
	EndGlobalSection
	GlobalSection(ProjectConfigurationPlatforms) = postSolution
		{B2DFCE2C-21F9-4074-AC31-9D32C25C39FA}.Debug|Any CPU.ActiveCfg = Debug|Any CPU
		{B2DFCE2C-21F9-4074-AC31-9D32C25C39FA}.Debug|Any CPU.Build.0 = Debug|Any CPU
		{B2DFCE2C-21F9-4074-AC31-9D32C25C39FA}.Release|Any CPU.ActiveCfg = Release|Any CPU
		{B2DFCE2C-21F9-4074-AC31-9D32C25C39FA}.Release|Any CPU.Build.0 = Release|Any CPU
		{2EA4187E-5467-4B75-9EE7-C481F4CB17FC}.Debug|Any CPU.ActiveCfg = Debug|Any CPU
		{2EA4187E-5467-4B75-9EE7-C481F4CB17FC}.Debug|Any CPU.Build.0 = Debug|Any CPU
		{2EA4187E-5467-4B75-9EE7-C481F4CB17FC}.Release|Any CPU.ActiveCfg = Release|Any CPU
		{2EA4187E-5467-4B75-9EE7-C481F4CB17FC}.Release|Any CPU.Build.0 = Release|Any CPU
		{55FCC8BE-9A2C-4C7A-BC8D-085C192BFFC4}.Debug|Any CPU.ActiveCfg = Debug|Any CPU
		{55FCC8BE-9A2C-4C7A-BC8D-085C192BFFC4}.Debug|Any CPU.Build.0 = Debug|Any CPU
		{55FCC8BE-9A2C-4C7A-BC8D-085C192BFFC4}.Release|Any CPU.ActiveCfg = Release|Any CPU
		{55FCC8BE-9A2C-4C7A-BC8D-085C192BFFC4}.Release|Any CPU.Build.0 = Release|Any CPU
		{E24EB385-B9C7-48BE-A76A-C062D9CDC05A}.Debug|Any CPU.ActiveCfg = Debug|Any CPU
		{E24EB385-B9C7-48BE-A76A-C062D9CDC05A}.Debug|Any CPU.Build.0 = Debug|Any CPU
		{E24EB385-B9C7-48BE-A76A-C062D9CDC05A}.Release|Any CPU.ActiveCfg = Release|Any CPU
		{E24EB385-B9C7-48BE-A76A-C062D9CDC05A}.Release|Any CPU.Build.0 = Release|Any CPU
		{B8CAB9BF-7114-488A-84DF-CF8403E1FD93}.Debug|Any CPU.ActiveCfg = Debug|Any CPU
		{B8CAB9BF-7114-488A-84DF-CF8403E1FD93}.Debug|Any CPU.Build.0 = Debug|Any CPU
		{B8CAB9BF-7114-488A-84DF-CF8403E1FD93}.Release|Any CPU.ActiveCfg = Release|Any CPU
		{B8CAB9BF-7114-488A-84DF-CF8403E1FD93}.Release|Any CPU.Build.0 = Release|Any CPU
		{8F253E24-C529-480D-AF41-3C8B3A501AD1}.Debug|Any CPU.ActiveCfg = Debug|Any CPU
		{8F253E24-C529-480D-AF41-3C8B3A501AD1}.Debug|Any CPU.Build.0 = Debug|Any CPU
		{8F253E24-C529-480D-AF41-3C8B3A501AD1}.Release|Any CPU.ActiveCfg = Release|Any CPU
		{8F253E24-C529-480D-AF41-3C8B3A501AD1}.Release|Any CPU.Build.0 = Release|Any CPU
		{AFA0ADAA-DE7E-4B95-AACB-41C225B58ECA}.Debug|Any CPU.ActiveCfg = Debug|Any CPU
		{AFA0ADAA-DE7E-4B95-AACB-41C225B58ECA}.Debug|Any CPU.Build.0 = Debug|Any CPU
		{AFA0ADAA-DE7E-4B95-AACB-41C225B58ECA}.Release|Any CPU.ActiveCfg = Release|Any CPU
		{AFA0ADAA-DE7E-4B95-AACB-41C225B58ECA}.Release|Any CPU.Build.0 = Release|Any CPU
		{275D2978-D532-49A5-B70F-FF98C9CF95DC}.Debug|Any CPU.ActiveCfg = Debug|Any CPU
		{275D2978-D532-49A5-B70F-FF98C9CF95DC}.Debug|Any CPU.Build.0 = Debug|Any CPU
		{275D2978-D532-49A5-B70F-FF98C9CF95DC}.Release|Any CPU.ActiveCfg = Release|Any CPU
		{275D2978-D532-49A5-B70F-FF98C9CF95DC}.Release|Any CPU.Build.0 = Release|Any CPU
	EndGlobalSection
	GlobalSection(SolutionProperties) = preSolution
		HideSolutionNode = FALSE
	EndGlobalSection
	GlobalSection(NestedProjects) = preSolution
		{B2DFCE2C-21F9-4074-AC31-9D32C25C39FA} = {81889C54-F1F7-44B5-BC9F-F2C714ED2B76}
		{2EA4187E-5467-4B75-9EE7-C481F4CB17FC} = {81889C54-F1F7-44B5-BC9F-F2C714ED2B76}
		{55FCC8BE-9A2C-4C7A-BC8D-085C192BFFC4} = {02BDA87C-5B6D-4A26-A577-13CEC5D13F96}
		{E24EB385-B9C7-48BE-A76A-C062D9CDC05A} = {E546E7D7-A768-4C24-9FE4-BBCBD1D4F20C}
		{B8CAB9BF-7114-488A-84DF-CF8403E1FD93} = {81889C54-F1F7-44B5-BC9F-F2C714ED2B76}
		{8F253E24-C529-480D-AF41-3C8B3A501AD1} = {81889C54-F1F7-44B5-BC9F-F2C714ED2B76}
		{AFA0ADAA-DE7E-4B95-AACB-41C225B58ECA} = {02BDA87C-5B6D-4A26-A577-13CEC5D13F96}
		{275D2978-D532-49A5-B70F-FF98C9CF95DC} = {81889C54-F1F7-44B5-BC9F-F2C714ED2B76}
	EndGlobalSection
	GlobalSection(ExtensibilityGlobals) = postSolution
		SolutionGuid = {117C8C03-F09A-4DE4-B533-F17255BE0B06}
	EndGlobalSection
EndGlobal
