
Microsoft Visual Studio Solution File, Format Version 12.00
# Visual Studio Version 17
VisualStudioVersion = 17.6.33723.286
MinimumVisualStudioVersion = 10.0.40219.1
Project("{2150E333-8FDC-42A3-9474-1A3956D46DE8}") = "FrontEnd", "FrontEnd", "{E546E7D7-A768-4C24-9FE4-BBCBD1D4F20C}"
EndProject
Project("{2150E333-8FDC-42A3-9474-1A3956D46DE8}") = "Gateway", "Gateway", "{CDAD1D7D-81AA-471C-8B64-FE46F9389FBB}"
EndProject
Project("{2150E333-8FDC-42A3-9474-1A3956D46DE8}") = "Integration", "Integration", "{547A2259-C019-4A33-A415-01B34AA930C1}"
EndProject
Project("{2150E333-8FDC-42A3-9474-1A3956D46DE8}") = "Services", "Services", "{7181306C-EDCE-4795-85FF-F3495CC80D82}"
EndProject
Project("{9A19103F-16F7-4668-BE54-9A1E7A4F7556}") = "Microservices.CouponAPI", "Microservies.Coupon.API\Microservices.CouponAPI.csproj", "{B2DFCE2C-21F9-4074-AC31-9D32C25C39FA}"
EndProject
Project("{9A19103F-16F7-4668-BE54-9A1E7A4F7556}") = "Microservices.Coupon.Web.Tests", "Microservices.CouponAPITests\Microservices.Coupon.Web.Tests.csproj", "{06DBD44B-7B17-4FC9-B45C-3D3A0A5E6099}"
EndProject
Project("{9A19103F-16F7-4668-BE54-9A1E7A4F7556}") = "Microservices.AuthAPI", "Microservices.AuthAPI\Microservices.AuthAPI.csproj", "{2EA4187E-5467-4B75-9EE7-C481F4CB17FC}"
EndProject
Project("{9A19103F-16F7-4668-BE54-9A1E7A4F7556}") = "Microservices.AuthAPI.Tests", "Microservices.AuthAPITests\Microservices.AuthAPI.Tests.csproj", "{55FCC8BE-9A2C-4C7A-BC8D-085C192BFFC4}"
EndProject
Project("{9A19103F-16F7-4668-BE54-9A1E7A4F7556}") = "Microservices.Web.Client", "Microservices.Web.Client\Microservices.Web.Client.csproj", "{E24EB385-B9C7-48BE-A76A-C062D9CDC05A}"
EndProject
Project("{FAE04EC0-301F-11D3-BF4B-00C04F79EFBC}") = "Microservices.ProductAPI", "Microservices.ProductAPI\Microservices.ProductAPI.csproj", "{B8CAB9BF-7114-488A-84DF-CF8403E1FD93}"
EndProject
Global
	GlobalSection(SolutionConfigurationPlatforms) = preSolution
		Debug|Any CPU = Debug|Any CPU
		Release|Any CPU = Release|Any CPU
	EndGlobalSection
	GlobalSection(ProjectConfigurationPlatforms) = postSolution
		{B2DFCE2C-21F9-4074-AC31-9D32C25C39FA}.Debug|Any CPU.ActiveCfg = Debug|Any CPU
		{B2DFCE2C-21F9-4074-AC31-9D32C25C39FA}.Debug|Any CPU.Build.0 = Debug|Any CPU
		{B2DFCE2C-21F9-4074-AC31-9D32C25C39FA}.Release|Any CPU.ActiveCfg = Release|Any CPU
		{B2DFCE2C-21F9-4074-AC31-9D32C25C39FA}.Release|Any CPU.Build.0 = Release|Any CPU
		{06DBD44B-7B17-4FC9-B45C-3D3A0A5E6099}.Debug|Any CPU.ActiveCfg = Debug|Any CPU
		{06DBD44B-7B17-4FC9-B45C-3D3A0A5E6099}.Debug|Any CPU.Build.0 = Debug|Any CPU
		{06DBD44B-7B17-4FC9-B45C-3D3A0A5E6099}.Release|Any CPU.ActiveCfg = Release|Any CPU
		{06DBD44B-7B17-4FC9-B45C-3D3A0A5E6099}.Release|Any CPU.Build.0 = Release|Any CPU
		{2EA4187E-5467-4B75-9EE7-C481F4CB17FC}.Debug|Any CPU.ActiveCfg = Debug|Any CPU
		{2EA4187E-5467-4B75-9EE7-C481F4CB17FC}.Debug|Any CPU.Build.0 = Debug|Any CPU
		{2EA4187E-5467-4B75-9EE7-C481F4CB17FC}.Release|Any CPU.ActiveCfg = Release|Any CPU
		{2EA4187E-5467-4B75-9EE7-C481F4CB17FC}.Release|Any CPU.Build.0 = Release|Any CPU
		{55FCC8BE-9A2C-4C7A-BC8D-085C192BFFC4}.Debug|Any CPU.ActiveCfg = Debug|Any CPU
		{55FCC8BE-9A2C-4C7A-BC8D-085C192BFFC4}.Debug|Any CPU.Build.0 = Debug|Any CPU
		{55FCC8BE-9A2C-4C7A-BC8D-085C192BFFC4}.Release|Any CPU.ActiveCfg = Release|Any CPU
		{55FCC8BE-9A2C-4C7A-BC8D-085C192BFFC4}.Release|Any CPU.Build.0 = Release|Any CPU
		{E24EB385-B9C7-48BE-A76A-C062D9CDC05A}.Debug|Any CPU.ActiveCfg = Debug|Any CPU
		{E24EB385-B9C7-48BE-A76A-C062D9CDC05A}.Debug|Any CPU.Build.0 = Debug|Any CPU
		{E24EB385-B9C7-48BE-A76A-C062D9CDC05A}.Release|Any CPU.ActiveCfg = Release|Any CPU
		{E24EB385-B9C7-48BE-A76A-C062D9CDC05A}.Release|Any CPU.Build.0 = Release|Any CPU
		{B8CAB9BF-7114-488A-84DF-CF8403E1FD93}.Debug|Any CPU.ActiveCfg = Debug|Any CPU
		{B8CAB9BF-7114-488A-84DF-CF8403E1FD93}.Debug|Any CPU.Build.0 = Debug|Any CPU
		{B8CAB9BF-7114-488A-84DF-CF8403E1FD93}.Release|Any CPU.ActiveCfg = Release|Any CPU
		{B8CAB9BF-7114-488A-84DF-CF8403E1FD93}.Release|Any CPU.Build.0 = Release|Any CPU
	EndGlobalSection
	GlobalSection(SolutionProperties) = preSolution
		HideSolutionNode = FALSE
	EndGlobalSection
	GlobalSection(NestedProjects) = preSolution
		{B2DFCE2C-21F9-4074-AC31-9D32C25C39FA} = {7181306C-EDCE-4795-85FF-F3495CC80D82}
		{2EA4187E-5467-4B75-9EE7-C481F4CB17FC} = {7181306C-EDCE-4795-85FF-F3495CC80D82}
		{E24EB385-B9C7-48BE-A76A-C062D9CDC05A} = {E546E7D7-A768-4C24-9FE4-BBCBD1D4F20C}
	EndGlobalSection
	GlobalSection(ExtensibilityGlobals) = postSolution
		SolutionGuid = {117C8C03-F09A-4DE4-B533-F17255BE0B06}
	EndGlobalSection
EndGlobal
